
Microsoft Visual Studio Solution File, Format Version 12.00
# Visual Studio Version 16
VisualStudioVersion = 16.0.31321.278
MinimumVisualStudioVersion = 10.0.40219.1
Project("{FAE04EC0-301F-11D3-BF4B-00C04F79EFBC}") = "App250521.Android", "App250521\App250521.Android\App250521.Android.csproj", "{329BC30F-1B27-46EA-95A4-1A48A57DF6B0}"
EndProject
Project("{FAE04EC0-301F-11D3-BF4B-00C04F79EFBC}") = "App250521", "App250521\App250521\App250521.csproj", "{5AA88360-7FC3-4537-8323-9B1E16419EC1}"
EndProject
Global
	GlobalSection(SolutionConfigurationPlatforms) = preSolution
		Debug|Any CPU = Debug|Any CPU
		Release|Any CPU = Release|Any CPU
	EndGlobalSection
	GlobalSection(ProjectConfigurationPlatforms) = postSolution
		{329BC30F-1B27-46EA-95A4-1A48A57DF6B0}.Debug|Any CPU.ActiveCfg = Debug|Any CPU
		{329BC30F-1B27-46EA-95A4-1A48A57DF6B0}.Debug|Any CPU.Build.0 = Debug|Any CPU
		{329BC30F-1B27-46EA-95A4-1A48A57DF6B0}.Debug|Any CPU.Deploy.0 = Debug|Any CPU
		{329BC30F-1B27-46EA-95A4-1A48A57DF6B0}.Release|Any CPU.ActiveCfg = Release|Any CPU
		{329BC30F-1B27-46EA-95A4-1A48A57DF6B0}.Release|Any CPU.Build.0 = Release|Any CPU
		{329BC30F-1B27-46EA-95A4-1A48A57DF6B0}.Release|Any CPU.Deploy.0 = Release|Any CPU
		{5AA88360-7FC3-4537-8323-9B1E16419EC1}.Debug|Any CPU.ActiveCfg = Debug|Any CPU
		{5AA88360-7FC3-4537-8323-9B1E16419EC1}.Debug|Any CPU.Build.0 = Debug|Any CPU
		{5AA88360-7FC3-4537-8323-9B1E16419EC1}.Debug|Any CPU.Deploy.0 = Debug|Any CPU
		{5AA88360-7FC3-4537-8323-9B1E16419EC1}.Release|Any CPU.ActiveCfg = Release|Any CPU
		{5AA88360-7FC3-4537-8323-9B1E16419EC1}.Release|Any CPU.Build.0 = Release|Any CPU
		{5AA88360-7FC3-4537-8323-9B1E16419EC1}.Release|Any CPU.Deploy.0 = Release|Any CPU
	EndGlobalSection
	GlobalSection(SolutionProperties) = preSolution
		HideSolutionNode = FALSE
	EndGlobalSection
	GlobalSection(ExtensibilityGlobals) = postSolution
		SolutionGuid = {2E4018D9-3EDC-43DC-9EBD-751636626082}
	EndGlobalSection
EndGlobal
